
Microsoft Visual Studio Solution File, Format Version 12.00
# Visual Studio Version 17
VisualStudioVersion = 17.10.35004.147
MinimumVisualStudioVersion = 10.0.40219.1
Project("{FAE04EC0-301F-11D3-BF4B-00C04F79EFBC}") = "ClipboardSyncClient", "ClipboardSyncClient.csproj", "{29097F62-AF8C-4ABC-94F3-86DB6CCEDCE2}"
EndProject
Global
	GlobalSection(SolutionConfigurationPlatforms) = preSolution
		Debug|Any CPU = Debug|Any CPU
		Release|Any CPU = Release|Any CPU
	EndGlobalSection
	GlobalSection(ProjectConfigurationPlatforms) = postSolution
		{29097F62-AF8C-4ABC-94F3-86DB6CCEDCE2}.Debug|Any CPU.ActiveCfg = Debug|Any CPU
		{29097F62-AF8C-4ABC-94F3-86DB6CCEDCE2}.Debug|Any CPU.Build.0 = Debug|Any CPU
		{29097F62-AF8C-4ABC-94F3-86DB6CCEDCE2}.Release|Any CPU.ActiveCfg = Release|Any CPU
		{29097F62-AF8C-4ABC-94F3-86DB6CCEDCE2}.Release|Any CPU.Build.0 = Release|Any CPU
	EndGlobalSection
	GlobalSection(SolutionProperties) = preSolution
		HideSolutionNode = FALSE
	EndGlobalSection
	GlobalSection(ExtensibilityGlobals) = postSolution
		SolutionGuid = {0E0561E3-1E88-4D54-931D-D4BD49B4763E}
	EndGlobalSection
EndGlobal
